
Microsoft Visual Studio Solution File, Format Version 12.00
# Visual Studio Version 16
VisualStudioVersion = 16.0.29209.152
MinimumVisualStudioVersion = 10.0.40219.1
Project("{8BC9CEB8-8B4A-11D0-8D11-00A0C91BC942}") = "nas-nr-demo", "tidy\nas-nr-demo.vcxproj", "{3AA89251-71F8-47DA-8456-09157AF5A05D}"
	ProjectSection(ProjectDependencies) = postProject
		{03B19665-29F8-406A-8D4C-68933AC84C0E} = {03B19665-29F8-406A-8D4C-68933AC84C0E}
	EndProjectSection
EndProject
Project("{8BC9CEB8-8B4A-11D0-8D11-00A0C91BC942}") = "nas-nr-ts24501", "tidy\nas-nr-ts24501.vcxproj", "{03B19665-29F8-406A-8D4C-68933AC84C0E}"
EndProject
Global
	GlobalSection(SolutionConfigurationPlatforms) = preSolution
		Debug|x64 = Debug|x64
		Debug|x86 = Debug|x86
		Release|x64 = Release|x64
		Release|x86 = Release|x86
	EndGlobalSection
	GlobalSection(ProjectConfigurationPlatforms) = postSolution
		{3AA89251-71F8-47DA-8456-09157AF5A05D}.Debug|x64.ActiveCfg = Debug|x64
		{3AA89251-71F8-47DA-8456-09157AF5A05D}.Debug|x64.Build.0 = Debug|x64
		{3AA89251-71F8-47DA-8456-09157AF5A05D}.Debug|x86.ActiveCfg = Debug|Win32
		{3AA89251-71F8-47DA-8456-09157AF5A05D}.Debug|x86.Build.0 = Debug|Win32
		{3AA89251-71F8-47DA-8456-09157AF5A05D}.Release|x64.ActiveCfg = Release|x64
		{3AA89251-71F8-47DA-8456-09157AF5A05D}.Release|x64.Build.0 = Release|x64
		{3AA89251-71F8-47DA-8456-09157AF5A05D}.Release|x86.ActiveCfg = Release|Win32
		{3AA89251-71F8-47DA-8456-09157AF5A05D}.Release|x86.Build.0 = Release|Win32
		{03B19665-29F8-406A-8D4C-68933AC84C0E}.Debug|x64.ActiveCfg = Debug|x64
		{03B19665-29F8-406A-8D4C-68933AC84C0E}.Debug|x64.Build.0 = Debug|x64
		{03B19665-29F8-406A-8D4C-68933AC84C0E}.Debug|x86.ActiveCfg = Debug|Win32
		{03B19665-29F8-406A-8D4C-68933AC84C0E}.Debug|x86.Build.0 = Debug|Win32
		{03B19665-29F8-406A-8D4C-68933AC84C0E}.Release|x64.ActiveCfg = Release|x64
		{03B19665-29F8-406A-8D4C-68933AC84C0E}.Release|x64.Build.0 = Release|x64
		{03B19665-29F8-406A-8D4C-68933AC84C0E}.Release|x86.ActiveCfg = Release|Win32
		{03B19665-29F8-406A-8D4C-68933AC84C0E}.Release|x86.Build.0 = Release|Win32
	EndGlobalSection
	GlobalSection(SolutionProperties) = preSolution
		HideSolutionNode = FALSE
	EndGlobalSection
	GlobalSection(ExtensibilityGlobals) = postSolution
		SolutionGuid = {C8144A1E-3033-41B7-A4B9-629523641743}
	EndGlobalSection
EndGlobal
