<?xml version="1.0" encoding="utf-8"?>
<Project ToolsVersion="4.0" xmlns="http://schemas.microsoft.com/developer/msbuild/2003">
  <ItemGroup>
    <Filter Include="Source Files">
      <UniqueIdentifier>{4FC737F1-C7A5-4376-A066-2A32D752A2FF}</UniqueIdentifier>
      <Extensions>cpp;c;cc;cxx;def;odl;idl;hpj;bat;asm;asmx</Extensions>
    </Filter>
    <Filter Include="Header Files">
      <UniqueIdentifier>{93995380-89BD-4b04-88EB-625FBE52EBFB}</UniqueIdentifier>
      <Extensions>h;hh;hpp;hxx;hm;inl;inc;ipp;xsd</Extensions>
    </Filter>
    <Filter Include="Resource Files">
      <UniqueIdentifier>{67DA6AB6-F800-4c08-8B7A-83BB121AAD01}</UniqueIdentifier>
      <Extensions>rc;ico;cur;bmp;dlg;rc2;rct;bin;rgs;gif;jpg;jpeg;jpe;resx;tiff;tif;png;wav;mfcribbon-ms</Extensions>
    </Filter>
  </ItemGroup>
  <ItemGroup>
    <ClCompile Include="nas-5gs.cc">
      <Filter>Source Files</Filter>
    </ClCompile>
    <ClCompile Include="dissect_nas_5gs_i.cc">
      <Filter>Source Files</Filter>
    </ClCompile>
    <ClCompile Include="dissect_nas_5gs.cc">
      <Filter>Source Files</Filter>
    </ClCompile>
    <ClCompile Include="proto.cc">
      <Filter>Source Files</Filter>
    </ClCompile>
    <ClCompile Include="core.cc">
      <Filter>Source Files</Filter>
    </ClCompile>
    <ClCompile Include="dissect_mm_msg.cc">
      <Filter>Source Files</Filter>
    </ClCompile>
    <ClCompile Include="dissect_sm_msg.cc">
      <Filter>Source Files</Filter>
    </ClCompile>
    <ClCompile Include="dissect_mm_msg_i.cc">
      <Filter>Source Files</Filter>
    </ClCompile>
    <ClCompile Include="ts24007.cc">
      <Filter>Source Files</Filter>
    </ClCompile>
    <ClCompile Include="field_meta.cc">
      <Filter>Source Files</Filter>
    </ClCompile>
    <ClCompile Include="mm\registration_req.cc">
      <Filter>Source Files</Filter>
    </ClCompile>
    <ClCompile Include="mm\registration_accept.cc">
      <Filter>Source Files</Filter>
    </ClCompile>
    <ClCompile Include="formats.cc">
      <Filter>Source Files</Filter>
    </ClCompile>
    <ClCompile Include="mm\registration_complete.cc">
      <Filter>Source Files</Filter>
    </ClCompile>
    <ClCompile Include="mm\registration_rej.cc">
      <Filter>Source Files</Filter>
    </ClCompile>
    <ClCompile Include="mm\notification_resp.cc">
      <Filter>Source Files</Filter>
    </ClCompile>
    <ClCompile Include="mm\authentication_failure.cc">
      <Filter>Source Files</Filter>
    </ClCompile>
    <ClCompile Include="mm\authentication_rej.cc">
      <Filter>Source Files</Filter>
    </ClCompile>
    <ClCompile Include="mm\authentication_req.cc">
      <Filter>Source Files</Filter>
    </ClCompile>
    <ClCompile Include="mm\authentication_resp.cc">
      <Filter>Source Files</Filter>
    </ClCompile>
    <ClCompile Include="mm\authentication_result.cc">
      <Filter>Source Files</Filter>
    </ClCompile>
    <ClCompile Include="mm\de_reg_req_ue_orig.cc">
      <Filter>Source Files</Filter>
    </ClCompile>
    <ClCompile Include="mm\dl_nas_transp.cc">
      <Filter>Source Files</Filter>
    </ClCompile>
    <ClCompile Include="mm\id_req.cc">
      <Filter>Source Files</Filter>
    </ClCompile>
    <ClCompile Include="mm\id_req_result.cc">
      <Filter>Source Files</Filter>
    </ClCompile>
    <ClCompile Include="mm\id_resp.cc">
      <Filter>Source Files</Filter>
    </ClCompile>
    <ClCompile Include="mm\mm_status.cc">
      <Filter>Source Files</Filter>
    </ClCompile>
    <ClCompile Include="mm\notification.cc">
      <Filter>Source Files</Filter>
    </ClCompile>
    <ClCompile Include="mm\sec_mode_cmd.cc">
      <Filter>Source Files</Filter>
    </ClCompile>
    <ClCompile Include="mm\sec_mode_comp.cc">
      <Filter>Source Files</Filter>
    </ClCompile>
    <ClCompile Include="mm\sec_mode_rej.cc">
      <Filter>Source Files</Filter>
    </ClCompile>
    <ClCompile Include="mm\service_acc.cc">
      <Filter>Source Files</Filter>
    </ClCompile>
    <ClCompile Include="mm\service_rej.cc">
      <Filter>Source Files</Filter>
    </ClCompile>
    <ClCompile Include="mm\service_req.cc">
      <Filter>Source Files</Filter>
    </ClCompile>
    <ClCompile Include="mm\ul_nas_transp.cc">
      <Filter>Source Files</Filter>
    </ClCompile>
    <ClCompile Include="sm\pdu_ses_auth_cmd.cc">
      <Filter>Source Files</Filter>
    </ClCompile>
    <ClCompile Include="sm\pdu_ses_auth_comp.cc">
      <Filter>Source Files</Filter>
    </ClCompile>
    <ClCompile Include="sm\pdu_ses_est_acc.cc">
      <Filter>Source Files</Filter>
    </ClCompile>
    <ClCompile Include="sm\pdu_ses_est_rej.cc">
      <Filter>Source Files</Filter>
    </ClCompile>
    <ClCompile Include="sm\pdu_ses_est_req.cc">
      <Filter>Source Files</Filter>
    </ClCompile>
    <ClCompile Include="sm\pdu_ses_mod_cmd.cc">
      <Filter>Source Files</Filter>
    </ClCompile>
    <ClCompile Include="sm\pdu_ses_mod_com_rej.cc">
      <Filter>Source Files</Filter>
    </ClCompile>
    <ClCompile Include="sm\pdu_ses_mod_comp.cc">
      <Filter>Source Files</Filter>
    </ClCompile>
    <ClCompile Include="sm\pdu_ses_mod_rej.cc">
      <Filter>Source Files</Filter>
    </ClCompile>
    <ClCompile Include="sm\pdu_ses_mod_req.cc">
      <Filter>Source Files</Filter>
    </ClCompile>
    <ClCompile Include="sm\pdu_ses_rel_cmd.cc">
      <Filter>Source Files</Filter>
    </ClCompile>
    <ClCompile Include="sm\pdu_ses_rel_comp.cc">
      <Filter>Source Files</Filter>
    </ClCompile>
    <ClCompile Include="sm\pdu_ses_rel_rej.cc">
      <Filter>Source Files</Filter>
    </ClCompile>
    <ClCompile Include="sm\pdu_ses_rel_req.cc">
      <Filter>Source Files</Filter>
    </ClCompile>
    <ClCompile Include="sm\sm_status.cc">
      <Filter>Source Files</Filter>
    </ClCompile>
    <ClCompile Include="mm\registration_req_i.cc">
      <Filter>Header Files</Filter>
    </ClCompile>
    <ClCompile Include="dissector.cc">
      <Filter>Source Files</Filter>
    </ClCompile>
    <ClCompile Include="mm\configuration_upd_cmd.cc">
      <Filter>Source Files</Filter>
    </ClCompile>
    <ClCompile Include="mm\configuration_update_comp.cc">
      <Filter>Source Files</Filter>
    </ClCompile>
    <ClCompile Include="charsets.cc">
      <Filter>Source Files</Filter>
    </ClCompile>
    <ClCompile Include="mm\de_reg_req_ue_term.cc">
      <Filter>Source Files</Filter>
    </ClCompile>
  </ItemGroup>
  <ItemGroup>
    <ClInclude Include="config.hh">
      <Filter>Header Files</Filter>
    </ClInclude>
    <ClInclude Include="core.hh">
      <Filter>Header Files</Filter>
    </ClInclude>
    <ClInclude Include="expert_meta.hh">
      <Filter>Header Files</Filter>
    </ClInclude>
    <ClInclude Include="field_meta.hh">
      <Filter>Header Files</Filter>
    </ClInclude>
    <ClInclude Include="nas-5gs.hh">
      <Filter>Header Files</Filter>
    </ClInclude>
    <ClInclude Include="proto.hh">
      <Filter>Header Files</Filter>
    </ClInclude>
    <ClInclude Include="range_string.hh">
      <Filter>Header Files</Filter>
    </ClInclude>
    <ClInclude Include="tree_meta.hh">
      <Filter>Header Files</Filter>
    </ClInclude>
    <ClInclude Include="ts24007.hh">
      <Filter>Header Files</Filter>
    </ClInclude>
    <ClInclude Include="val_string.hh">
      <Filter>Header Files</Filter>
    </ClInclude>
    <ClInclude Include="tvbuff.hh">
      <Filter>Header Files</Filter>
    </ClInclude>
    <ClInclude Include="packet_info.hh">
      <Filter>Header Files</Filter>
    </ClInclude>
    <ClInclude Include="dissect_sm_msg.hh">
      <Filter>Header Files</Filter>
    </ClInclude>
    <ClInclude Include="dissect_nas_5gs.hh">
      <Filter>Header Files</Filter>
    </ClInclude>
    <ClInclude Include="dissect_mm_msg.hh">
      <Filter>Header Files</Filter>
    </ClInclude>
  </ItemGroup>
</Project>