<?xml version="1.0" encoding="utf-8"?>
<Project ToolsVersion="4.0" xmlns="http://schemas.microsoft.com/developer/msbuild/2003">
  <ItemGroup>
    <Filter Include="Source Files">
      <UniqueIdentifier>{4FC737F1-C7A5-4376-A066-2A32D752A2FF}</UniqueIdentifier>
      <Extensions>cpp;c;cc;cxx;def;odl;idl;hpj;bat;asm;asmx</Extensions>
    </Filter>
    <Filter Include="Header Files">
      <UniqueIdentifier>{93995380-89BD-4b04-88EB-625FBE52EBFB}</UniqueIdentifier>
      <Extensions>h;hh;hpp;hxx;hm;inl;inc;ipp;xsd</Extensions>
    </Filter>
    <Filter Include="Resource Files">
      <UniqueIdentifier>{67DA6AB6-F800-4c08-8B7A-83BB121AAD01}</UniqueIdentifier>
      <Extensions>rc;ico;cur;bmp;dlg;rc2;rct;bin;rgs;gif;jpg;jpeg;jpe;resx;tiff;tif;png;wav;mfcribbon-ms</Extensions>
    </Filter>
  </ItemGroup>
  <ItemGroup>
    <ClCompile Include="nas-5gs.cc">
      <Filter>Source Files</Filter>
    </ClCompile>
    <ClCompile Include="proto.cc">
      <Filter>Source Files</Filter>
    </ClCompile>
    <ClCompile Include="core.cc">
      <Filter>Source Files</Filter>
    </ClCompile>
    <ClCompile Include="dissect_mm_msg.cc">
      <Filter>Source Files</Filter>
    </ClCompile>
    <ClCompile Include="dissect_sm_msg.cc">
      <Filter>Source Files</Filter>
    </ClCompile>
    <ClCompile Include="ts24007.cc">
      <Filter>Source Files</Filter>
    </ClCompile>
    <ClCompile Include="field_meta.cc">
      <Filter>Source Files</Filter>
    </ClCompile>
    <ClCompile Include="mm\registration_req.cc">
      <Filter>Source Files</Filter>
    </ClCompile>
    <ClCompile Include="formats.cc">
      <Filter>Source Files</Filter>
    </ClCompile>
    <ClCompile Include="mm\registration_complete.cc">
      <Filter>Source Files</Filter>
    </ClCompile>
    <ClCompile Include="mm\registration_rej.cc">
      <Filter>Source Files</Filter>
    </ClCompile>
    <ClCompile Include="mm\notification_resp.cc">
      <Filter>Source Files</Filter>
    </ClCompile>
    <ClCompile Include="mm\authentication_failure.cc">
      <Filter>Source Files</Filter>
    </ClCompile>
    <ClCompile Include="mm\authentication_rej.cc">
      <Filter>Source Files</Filter>
    </ClCompile>
    <ClCompile Include="mm\authentication_req.cc">
      <Filter>Source Files</Filter>
    </ClCompile>
    <ClCompile Include="mm\authentication_resp.cc">
      <Filter>Source Files</Filter>
    </ClCompile>
    <ClCompile Include="mm\authentication_result.cc">
      <Filter>Source Files</Filter>
    </ClCompile>
    <ClCompile Include="mm\de_reg_req_ue_orig.cc">
      <Filter>Source Files</Filter>
    </ClCompile>
    <ClCompile Include="mm\dl_nas_transp.cc">
      <Filter>Source Files</Filter>
    </ClCompile>
    <ClCompile Include="mm\id_req.cc">
      <Filter>Source Files</Filter>
    </ClCompile>
    <ClCompile Include="mm\id_req_result.cc">
      <Filter>Source Files</Filter>
    </ClCompile>
    <ClCompile Include="mm\id_resp.cc">
      <Filter>Source Files</Filter>
    </ClCompile>
    <ClCompile Include="mm\mm_status.cc">
      <Filter>Source Files</Filter>
    </ClCompile>
    <ClCompile Include="mm\notification.cc">
      <Filter>Source Files</Filter>
    </ClCompile>
    <ClCompile Include="mm\sec_mode_cmd.cc">
      <Filter>Source Files</Filter>
    </ClCompile>
    <ClCompile Include="mm\sec_mode_comp.cc">
      <Filter>Source Files</Filter>
    </ClCompile>
    <ClCompile Include="mm\sec_mode_rej.cc">
      <Filter>Source Files</Filter>
    </ClCompile>
    <ClCompile Include="mm\service_acc.cc">
      <Filter>Source Files</Filter>
    </ClCompile>
    <ClCompile Include="mm\service_rej.cc">
      <Filter>Source Files</Filter>
    </ClCompile>
    <ClCompile Include="mm\service_req.cc">
      <Filter>Source Files</Filter>
    </ClCompile>
    <ClCompile Include="mm\ul_nas_transp.cc">
      <Filter>Source Files</Filter>
    </ClCompile>
    <ClCompile Include="sm\pdu_ses_auth_cmd.cc">
      <Filter>Source Files</Filter>
    </ClCompile>
    <ClCompile Include="sm\pdu_ses_auth_comp.cc">
      <Filter>Source Files</Filter>
    </ClCompile>
    <ClCompile Include="sm\pdu_ses_est_acc.cc">
      <Filter>Source Files</Filter>
    </ClCompile>
    <ClCompile Include="sm\pdu_ses_est_rej.cc">
      <Filter>Source Files</Filter>
    </ClCompile>
    <ClCompile Include="sm\pdu_ses_est_req.cc">
      <Filter>Source Files</Filter>
    </ClCompile>
    <ClCompile Include="sm\pdu_ses_mod_cmd.cc">
      <Filter>Source Files</Filter>
    </ClCompile>
    <ClCompile Include="sm\pdu_ses_mod_com_rej.cc">
      <Filter>Source Files</Filter>
    </ClCompile>
    <ClCompile Include="sm\pdu_ses_mod_comp.cc">
      <Filter>Source Files</Filter>
    </ClCompile>
    <ClCompile Include="sm\pdu_ses_mod_rej.cc">
      <Filter>Source Files</Filter>
    </ClCompile>
    <ClCompile Include="sm\pdu_ses_mod_req.cc">
      <Filter>Source Files</Filter>
    </ClCompile>
    <ClCompile Include="sm\pdu_ses_rel_cmd.cc">
      <Filter>Source Files</Filter>
    </ClCompile>
    <ClCompile Include="sm\pdu_ses_rel_comp.cc">
      <Filter>Source Files</Filter>
    </ClCompile>
    <ClCompile Include="sm\pdu_ses_rel_rej.cc">
      <Filter>Source Files</Filter>
    </ClCompile>
    <ClCompile Include="sm\pdu_ses_rel_req.cc">
      <Filter>Source Files</Filter>
    </ClCompile>
    <ClCompile Include="sm\sm_status.cc">
      <Filter>Source Files</Filter>
    </ClCompile>
    <ClCompile Include="mm\registration_req_i.cc">
      <Filter>Header Files</Filter>
    </ClCompile>
    <ClCompile Include="dissector.cc">
      <Filter>Source Files</Filter>
    </ClCompile>
    <ClCompile Include="mm\configuration_upd_cmd.cc">
      <Filter>Source Files</Filter>
    </ClCompile>
    <ClCompile Include="mm\configuration_update_comp.cc">
      <Filter>Source Files</Filter>
    </ClCompile>
    <ClCompile Include="charsets.cc">
      <Filter>Source Files</Filter>
    </ClCompile>
    <ClCompile Include="mm\de_reg_req_ue_term.cc">
      <Filter>Source Files</Filter>
    </ClCompile>
    <ClCompile Include="dissect_nas5g.cc">
      <Filter>Source Files</Filter>
    </ClCompile>
    <ClCompile Include="dissect_nas5g_sup.cc">
      <Filter>Source Files</Filter>
    </ClCompile>
    <ClCompile Include="dissect_sm_msg_sup.cc">
      <Filter>Source Files</Filter>
    </ClCompile>
    <ClCompile Include="dissect_mm_msg_sup.cc">
      <Filter>Source Files</Filter>
    </ClCompile>
    <ClCompile Include="gsm.cc">
      <Filter>Source Files</Filter>
    </ClCompile>
    <ClCompile Include="sm\pdu_ses.cc">
      <Filter>Source Files</Filter>
    </ClCompile>
    <ClCompile Include="common\additional_inf.cc">
      <Filter>Source Files</Filter>
    </ClCompile>
    <ClCompile Include="common\dnn.cc">
      <Filter>Source Files</Filter>
    </ClCompile>
    <ClCompile Include="common\eap.cc">
      <Filter>Source Files</Filter>
    </ClCompile>
    <ClCompile Include="common\gprs_timer.cc">
      <Filter>Source Files</Filter>
    </ClCompile>
    <ClCompile Include="common\gprs_timer2.cc">
      <Filter>Source Files</Filter>
    </ClCompile>
    <ClCompile Include="common\gprs_timer3.cc">
      <Filter>Source Files</Filter>
    </ClCompile>
    <ClCompile Include="common\intra_n1_mode.cc">
      <Filter>Source Files</Filter>
    </ClCompile>
    <ClCompile Include="common\n1_mode_s1_mode.cc">
      <Filter>Source Files</Filter>
    </ClCompile>
    <ClCompile Include="common\s_nssai.cc">
      <Filter>Source Files</Filter>
    </ClCompile>
    <ClCompile Include="common\s1_mode_n1_mode.cc">
      <Filter>Source Files</Filter>
    </ClCompile>
    <ClCompile Include="common\mcc_mnc.cc">
      <Filter>Source Files</Filter>
    </ClCompile>
    <ClCompile Include="mm\5gmm_cause.cc">
      <Filter>Source Files</Filter>
    </ClCompile>
    <ClCompile Include="mm\5gmm_capability.cc">
      <Filter>Source Files</Filter>
    </ClCompile>
    <ClCompile Include="mm\de_reg_accept_ue_term.cc">
      <Filter>Source Files</Filter>
    </ClCompile>
    <ClCompile Include="mm\de_reg_accept_ue_orig.cc">
      <Filter>Source Files</Filter>
    </ClCompile>
    <ClCompile Include="mm\drx_parameters.cc">
      <Filter>Source Files</Filter>
    </ClCompile>
    <ClCompile Include="mm\5gs_mobile_identity.cc">
      <Filter>Source Files</Filter>
    </ClCompile>
    <ClCompile Include="mm\5gs_identity_type.cc">
      <Filter>Source Files</Filter>
    </ClCompile>
    <ClCompile Include="common\e212_mcc_mnc.cc">
      <Filter>Source Files</Filter>
    </ClCompile>
    <ClCompile Include="mm\5gs_network_feature_support.cc">
      <Filter>Source Files</Filter>
    </ClCompile>
    <ClCompile Include="mm\5gs_registration_accept.cc">
      <Filter>Source Files</Filter>
    </ClCompile>
    <ClCompile Include="mm\5gs_registration_type.cc">
      <Filter>Source Files</Filter>
    </ClCompile>
    <ClCompile Include="mm\5gs_tracking_area_identity.cc">
      <Filter>Source Files</Filter>
    </ClCompile>
    <ClCompile Include="mm\5gs_update_type.cc">
      <Filter>Source Files</Filter>
    </ClCompile>
    <ClCompile Include="mm\abba.cc">
      <Filter>Source Files</Filter>
    </ClCompile>
    <ClCompile Include="mm\access_type.cc">
      <Filter>Source Files</Filter>
    </ClCompile>
    <ClCompile Include="mm\additional_5g_security_infomation.cc">
      <Filter>Source Files</Filter>
    </ClCompile>
    <ClCompile Include="mm\allowed_pdu_session_status.cc">
      <Filter>Source Files</Filter>
    </ClCompile>
    <ClCompile Include="mm\authentication_failure_parameter.cc">
      <Filter>Source Files</Filter>
    </ClCompile>
    <ClCompile Include="mm\authentication_parameter_autn.cc">
      <Filter>Source Files</Filter>
    </ClCompile>
    <ClCompile Include="mm\authentication_parameter_rand.cc">
      <Filter>Source Files</Filter>
    </ClCompile>
    <ClCompile Include="mm\authentication_response_parameter.cc">
      <Filter>Source Files</Filter>
    </ClCompile>
    <ClCompile Include="mm\configuration_update_indication.cc">
      <Filter>Source Files</Filter>
    </ClCompile>
    <ClCompile Include="mm\daylight_saving_time.cc">
      <Filter>Source Files</Filter>
    </ClCompile>
    <ClCompile Include="mm\deregistration_type.cc">
      <Filter>Source Files</Filter>
    </ClCompile>
    <ClCompile Include="mm\emergency_number_list.cc">
      <Filter>Source Files</Filter>
    </ClCompile>
    <ClCompile Include="mm\eps_bearer_context_status.cc">
      <Filter>Source Files</Filter>
    </ClCompile>
    <ClCompile Include="mm\eps_nas_message_container.cc">
      <Filter>Source Files</Filter>
    </ClCompile>
    <ClCompile Include="mm\eps_nas_security_algorithms.cc">
      <Filter>Source Files</Filter>
    </ClCompile>
    <ClCompile Include="mm\extended_drx_parameters.cc">
      <Filter>Source Files</Filter>
    </ClCompile>
    <ClCompile Include="mm\extended_emergency_number_list.cc">
      <Filter>Source Files</Filter>
    </ClCompile>
    <ClCompile Include="mm\imeisv_request.cc">
      <Filter>Source Files</Filter>
    </ClCompile>
    <ClCompile Include="mm\ladn_indication.cc">
      <Filter>Source Files</Filter>
    </ClCompile>
    <ClCompile Include="mm\ladn_information.cc">
      <Filter>Source Files</Filter>
    </ClCompile>
    <ClCompile Include="mm\ma_pdu_session_information.cc">
      <Filter>Source Files</Filter>
    </ClCompile>
    <ClCompile Include="mm\mico_indication.cc">
      <Filter>Source Files</Filter>
    </ClCompile>
    <ClCompile Include="mm\mobile_station_classmark2.cc">
      <Filter>Source Files</Filter>
    </ClCompile>
    <ClCompile Include="mm\nas_key_set_identifier.cc">
      <Filter>Source Files</Filter>
    </ClCompile>
    <ClCompile Include="mm\nas_message_container.cc">
      <Filter>Source Files</Filter>
    </ClCompile>
    <ClCompile Include="mm\nas_security_algorithms.cc">
      <Filter>Source Files</Filter>
    </ClCompile>
    <ClCompile Include="mm\network_name.cc">
      <Filter>Source Files</Filter>
    </ClCompile>
    <ClCompile Include="mm\network_slicing_indication.cc">
      <Filter>Source Files</Filter>
    </ClCompile>
    <ClCompile Include="mm\non_3gpp_nw_provided_policies.cc">
      <Filter>Source Files</Filter>
    </ClCompile>
    <ClCompile Include="mm\nssai.cc">
      <Filter>Source Files</Filter>
    </ClCompile>
    <ClCompile Include="mm\nssai_inclusion_mode.cc">
      <Filter>Source Files</Filter>
    </ClCompile>
    <ClCompile Include="mm\operator_defined_acccess_category_definitions.cc">
      <Filter>Source Files</Filter>
    </ClCompile>
    <ClCompile Include="mm\payload_container.cc">
      <Filter>Source Files</Filter>
    </ClCompile>
    <ClCompile Include="mm\payload_container_type.cc">
      <Filter>Source Files</Filter>
    </ClCompile>
    <ClCompile Include="mm\pdu_session_identity2.cc">
      <Filter>Source Files</Filter>
    </ClCompile>
    <ClCompile Include="mm\pdu_session_reactivation_result.cc">
      <Filter>Source Files</Filter>
    </ClCompile>
    <ClCompile Include="mm\pdu_session_reactivation_result_error_cause.cc">
      <Filter>Source Files</Filter>
    </ClCompile>
    <ClCompile Include="mm\pdu_session_status.cc">
      <Filter>Source Files</Filter>
    </ClCompile>
    <ClCompile Include="mm\plmn_list.cc">
      <Filter>Source Files</Filter>
    </ClCompile>
    <ClCompile Include="mm\registration_result.cc">
      <Filter>Source Files</Filter>
    </ClCompile>
    <ClCompile Include="mm\rejected_nssai.cc">
      <Filter>Source Files</Filter>
    </ClCompile>
    <ClCompile Include="mm\request_type.cc">
      <Filter>Source Files</Filter>
    </ClCompile>
    <ClCompile Include="mm\s1_ue_network_capability.cc">
      <Filter>Source Files</Filter>
    </ClCompile>
    <ClCompile Include="mm\service_area_list.cc">
      <Filter>Source Files</Filter>
    </ClCompile>
    <ClCompile Include="mm\service_type.cc">
      <Filter>Source Files</Filter>
    </ClCompile>
    <ClCompile Include="mm\sms_indication.cc">
      <Filter>Source Files</Filter>
    </ClCompile>
    <ClCompile Include="mm\sor_transparent_container.cc">
      <Filter>Source Files</Filter>
    </ClCompile>
    <ClCompile Include="mm\supported_codec_list.cc">
      <Filter>Source Files</Filter>
    </ClCompile>
    <ClCompile Include="mm\time_zone.cc">
      <Filter>Source Files</Filter>
    </ClCompile>
    <ClCompile Include="mm\time_zone_time.cc">
      <Filter>Source Files</Filter>
    </ClCompile>
    <ClCompile Include="mm\ue_parameters_update_transparent_container.cc">
      <Filter>Source Files</Filter>
    </ClCompile>
    <ClCompile Include="mm\ue_security_capability.cc">
      <Filter>Source Files</Filter>
    </ClCompile>
    <ClCompile Include="mm\ue_status.cc">
      <Filter>Source Files</Filter>
    </ClCompile>
    <ClCompile Include="mm\ue_usage_setting.cc">
      <Filter>Source Files</Filter>
    </ClCompile>
    <ClCompile Include="mm\uplink_data_status.cc">
      <Filter>Source Files</Filter>
    </ClCompile>
    <ClCompile Include="mm\use_status.cc">
      <Filter>Source Files</Filter>
    </ClCompile>
    <ClCompile Include="sm\pdu_address.cc">
      <Filter>Source Files</Filter>
    </ClCompile>
    <ClCompile Include="sm\5gsm_capability.cc">
      <Filter>Source Files</Filter>
    </ClCompile>
    <ClCompile Include="sm\5gsm_cause.cc">
      <Filter>Source Files</Filter>
    </ClCompile>
    <ClCompile Include="sm\5gsm_congestion_reattempt_indicator.cc">
      <Filter>Source Files</Filter>
    </ClCompile>
    <ClCompile Include="sm\5gsm_network_feature_support.cc">
      <Filter>Source Files</Filter>
    </ClCompile>
    <ClCompile Include="sm\allowed_scc_mode.cc">
      <Filter>Source Files</Filter>
    </ClCompile>
    <ClCompile Include="sm\alwayson_pdu_session_indication.cc">
      <Filter>Source Files</Filter>
    </ClCompile>
    <ClCompile Include="sm\alwayson_pdu_session_requested.cc">
      <Filter>Source Files</Filter>
    </ClCompile>
    <ClCompile Include="sm\atsss_container.cc">
      <Filter>Source Files</Filter>
    </ClCompile>
    <ClCompile Include="sm\control_plane_only_indication.cc">
      <Filter>Source Files</Filter>
    </ClCompile>
    <ClCompile Include="sm\extended_protocol_configuration_options.cc">
      <Filter>Source Files</Filter>
    </ClCompile>
    <ClCompile Include="sm\integrity_protection_maximum_data_rate.cc">
      <Filter>Source Files</Filter>
    </ClCompile>
    <ClCompile Include="sm\mapped_eps_bearer_contexts.cc">
      <Filter>Source Files</Filter>
    </ClCompile>
    <ClCompile Include="sm\maximum_number_of_supported_packet_filters.cc">
      <Filter>Source Files</Filter>
    </ClCompile>
    <ClCompile Include="sm\pdu_session_type.cc">
      <Filter>Source Files</Filter>
    </ClCompile>
    <ClCompile Include="sm\qos_flow_descriptions.cc">
      <Filter>Source Files</Filter>
    </ClCompile>
    <ClCompile Include="sm\qos_rules.cc">
      <Filter>Source Files</Filter>
    </ClCompile>
    <ClCompile Include="sm\reattempt_indicator.cc">
      <Filter>Source Files</Filter>
    </ClCompile>
    <ClCompile Include="sm\scc_mode.cc">
      <Filter>Source Files</Filter>
    </ClCompile>
    <ClCompile Include="sm\serving_plmn_rate_control.cc">
      <Filter>Source Files</Filter>
    </ClCompile>
    <ClCompile Include="sm\session_ambr.cc">
      <Filter>Source Files</Filter>
    </ClCompile>
    <ClCompile Include="sm\session-tmbr.cc">
      <Filter>Source Files</Filter>
    </ClCompile>
    <ClCompile Include="sm\sm_pdu_dn_request_container.cc">
      <Filter>Source Files</Filter>
    </ClCompile>
  </ItemGroup>
  <ItemGroup>
    <ClInclude Include="config.hh">
      <Filter>Header Files</Filter>
    </ClInclude>
    <ClInclude Include="core.hh">
      <Filter>Header Files</Filter>
    </ClInclude>
    <ClInclude Include="expert_meta.hh">
      <Filter>Header Files</Filter>
    </ClInclude>
    <ClInclude Include="field_meta.hh">
      <Filter>Header Files</Filter>
    </ClInclude>
    <ClInclude Include="nas-5gs.hh">
      <Filter>Header Files</Filter>
    </ClInclude>
    <ClInclude Include="proto.hh">
      <Filter>Header Files</Filter>
    </ClInclude>
    <ClInclude Include="range_string.hh">
      <Filter>Header Files</Filter>
    </ClInclude>
    <ClInclude Include="tree_meta.hh">
      <Filter>Header Files</Filter>
    </ClInclude>
    <ClInclude Include="ts24007.hh">
      <Filter>Header Files</Filter>
    </ClInclude>
    <ClInclude Include="val_string.hh">
      <Filter>Header Files</Filter>
    </ClInclude>
    <ClInclude Include="tvbuff.hh">
      <Filter>Header Files</Filter>
    </ClInclude>
    <ClInclude Include="packet_info.hh">
      <Filter>Header Files</Filter>
    </ClInclude>
    <ClInclude Include="dissect_sm_msg.hh">
      <Filter>Header Files</Filter>
    </ClInclude>
    <ClInclude Include="dissect_mm_msg.hh">
      <Filter>Header Files</Filter>
    </ClInclude>
    <ClInclude Include="dissect_nas5g.hh">
      <Filter>Header Files</Filter>
    </ClInclude>
    <ClInclude Include="gsm.hh">
      <Filter>Header Files</Filter>
    </ClInclude>
    <ClInclude Include="eps.hh">
      <Filter>Header Files</Filter>
    </ClInclude>
    <ClInclude Include="mm\registration_req.hh">
      <Filter>Header Files</Filter>
    </ClInclude>
    <ClInclude Include="mm\registration_accept.hh">
      <Filter>Header Files</Filter>
    </ClInclude>
    <ClInclude Include="sm\pdu_ses.hh">
      <Filter>Header Files</Filter>
    </ClInclude>
    <ClInclude Include="sm\pdu_ses_auth.hh">
      <Filter>Header Files</Filter>
    </ClInclude>
    <ClInclude Include="sm\pdu_ses_est.hh">
      <Filter>Header Files</Filter>
    </ClInclude>
    <ClInclude Include="sm\pdu_ses_mod.hh">
      <Filter>Header Files</Filter>
    </ClInclude>
    <ClInclude Include="sm\pdu_ses_rel.hh">
      <Filter>Header Files</Filter>
    </ClInclude>
    <ClInclude Include="common\common.hh">
      <Filter>Header Files</Filter>
    </ClInclude>
  </ItemGroup>
</Project>